schema: '2.0'
stages:
  preprocess_dialogs:
    cmd: python src/preprocess_dialogs.py
    deps:
    - path: data/bronze/dialog_data/unparsed_train_data.txt
      md5: 71d9b7bff648b86497ef13dce228c7b1
      size: 22974034
    - path: src/preprocess_dialogs.py
      md5: 354e8f031464985d27498f991997a90e
      size: 2438
    outs:
    - path: data/silver/dialog_data/parsed_dialogs
      md5: 9ac57e1504cb8e59b658b5752be17765.dir
      size: 5676104
      nfiles: 1
